github.com/MakeNowJust/heredoc/v2 v2.0.1 h1:rlCHh70XXXv7toz95ajQWOWQnN4WNLt0TdpZYIR/J6A=
github.com/MakeNowJust/heredoc/v2 v2.0.1/go.mod h1:6/2Abh5s+hc3g9nbWLe9ObDIOhaRrqsyY9MWy+4JdRM=
github.com/apstndb/go-lsp-export v0.0.0-20250111110713-da502b65ef68 h1:nvuOEAE6ktXnyuqw9NxQ2MnMgP8uo9PAAH2GuI0VAkE=
github.com/apstndb/go-lsp-export v0.0.0-20250111110713-da502b65ef68/go.mod h1:KZHeSRVF2J83Dw88SpQfX9e7ZgBQ8uC3K+ys8d3shN0=
github.com/apstndb/gotoolsdiff v0.29.0 h1:PwCCgt5/sjc9Ys5EGaoMtv9i1K1Q1dbmv0tTAEFQc78=
github.com/apstndb/gotoolsdiff v0.29.0/go.mod h1:w/0yu9ZF6Gdwo/IlCjUvBthYFXnNE8k0r2q/hNp4iJg=
github.com/apstndb/gsqlutils v0.0.0-20241220013846-029fcafe0aa1 h1:xZHO1Zzr1b6JDCNutN6aSQcL2lrjIpBE9Dw5MrPUFcg=
github.com/apstndb/gsqlutils v0.0.0-20241220013846-029fcafe0aa1/go.mod h1:T2x/xf7GA3AOfm8245sTteb27qYAgbXIMlysbxJzpXk=
github.com/cloudspannerecosystem/memefish v0.5.0 h1:4L1K1pTqzHyhu5R7dHpOmVVjYKWeivmRBJRQgJdMY7I=
github.com/cloudspannerecosystem/memefish v0.5.0/go.mod h1:LB19E2xVWA3vns8r01ESIZB67/OYZOHVuETzifgTzVc=
github.com/cloudspannerecosystem/memefish v0.6.2 h1:0R6C8KdJLLbL3aYk/rzWrwvE+bPRMqj/2MNlNvAzIPo=
github.com/cloudspannerecosystem/memefish v0.6.2/go.mod h1:mVw0xBxy0yOgm990BuR0+nqP8J+yBAAf7N/2uL69rBU=
github.com/google/go-cmp v0.6.0 h1:ofyhxvXcZhMsU5ulbFiLKl/XBFqE1GSq7atu8tAmTRI=
github.com/google/go-cmp v0.6.0/go.mod h1:17dUlkBOakJ0+DkrSSNjCkIjxS6bF9zb3elmeNGIjoY=
github.com/google/go-cmp v0.7.0 h1:wk8382ETsv4JYUZwIsn6YpYiWiBsYLSJiTsyBybVuN8=
github.com/k0kubun/pp v1.3.1-0.20200204103551-99835366d1cc h1:XLjmW07gT7cG/wb6mavIrvAIWBYaTacPo8UOnxGSspA=
github.com/k0kubun/pp/v3 v3.4.1 h1:1WdFZDRRqe8UsR61N/2RoOZ3ziTEqgTPVqKrHeb779Y=
github.com/k0kubun/pp/v3 v3.4.1/go.mod h1:+SiNiqKnBfw1Nkj82Lh5bIeKQOAkPy6Xw9CAZUZ8npI=
github.com/mattn/go-colorable v0.1.13 h1:fFA4WZxdEF4tXPZVKMLwD8oUnCTTo08duU7wxecdEvA=
github.com/mattn/go-colorable v0.1.13/go.mod h1:7S9/ev0klgBDR4GtXTXX8a3vIGJpMovkB8vQcUbaXHg=
github.com/mattn/go-isatty v0.0.16 h1:bq3VjFmv/sOjHtdEhmkEV4x1AJtvUvOJ2PFAZ5+peKQ=
github.com/mattn/go-isatty v0.0.16/go.mod h1:kYGgaQfpe5nmfYZH+SKPsOc2e4SrIfOl2e/yFXSvRLM=
github.com/pmezard/go-difflib v1.0.0 h1:4DBwDE0NGyQoBHbLQYPwSUPoCMWR5BEzIk/f1lZbAQM=
github.com/pmezard/go-difflib v1.0.0/go.mod h1:iKH77koFhYxTK1pcRnkKkqfTogsbg7gZNVY4sRDYZ/4=
github.com/samber/lo v1.47.0 h1:z7RynLwP5nbyRscyvcD043DWYoOcYRv3mV8lBeqOCLc=
github.com/samber/lo v1.47.0/go.mod h1:RmDH9Ct32Qy3gduHQuKJ3gW1fMHAnE/fAzQuf6He5cU=
golang.org/x/exp/event v0.0.0-20220217172124-1812c5b45e43 h1:Yn6OLQDombmcne/0Jf2GiY4qPS5ML2W4KYFyx2uYxGY=
golang.org/x/exp/event v0.0.0-20220217172124-1812c5b45e43/go.mod h1:AVlZHjhWbW/3yOcmKMtJiObwBPJajBlUpQXRijFNrNc=
golang.org/x/exp/jsonrpc2 v0.0.0-20250106191152-7588d65b2ba8 h1:mLvDDs2yKdjEQufFWtLF3hOHfDBe8c4ckx7rqctPqLc=
golang.org/x/exp/jsonrpc2 v0.0.0-20250106191152-7588d65b2ba8/go.mod h1:Enk5TnT9VR4uKJW7nj3TlYv+R4GOM2KELhqCJxnXVN8=
golang.org/x/mod v0.22.0 h1:D4nJWe9zXqHOmWqj4VMOJhvzj7bEZg4wEYa759z1pH4=
golang.org/x/mod v0.22.0/go.mod h1:6SkKJ3Xj0I0BrPOZoBy3bdMptDDU9oJrpohJ3eWZ1fY=
golang.org/x/sync v0.10.0 h1:3NQrjDixjgGwUOCaF8w2+VYHv0Ve/vGYSbdkTa98gmQ=
golang.org/x/sync v0.10.0/go.mod h1:Czt+wKu1gCyEFDUtn0jG5QVvpJ6rzVqr5aXyt9drQfk=
golang.org/x/sys v0.29.0 h1:TPYlXGxvx1MGTn2GiZDhnjPA9wZzZeGKHHmKhHYvgaU=
golang.org/x/sys v0.29.0/go.mod h1:/VUhepiaJMQUp4+oa/7Zr1D23ma6VTLIYjOOTFZPUcA=
golang.org/x/telemetry v0.0.0-20250105011419-6d9ea865d014 h1:r3fGtUghGlLJqjla3K3bVBiP7WyAWj8p6m1HNYae4Ho=
golang.org/x/telemetry v0.0.0-20250105011419-6d9ea865d014/go.mod h1:Vee8NMPWD3JyoiukFTC6ehhS08hoyu5WYDePTtR6e6s=
golang.org/x/text v0.20.0 h1:gK/Kv2otX8gz+wn7Rmb3vT96ZwuoxnQlY+HlJVj7Qug=
golang.org/x/text v0.20.0/go.mod h1:D4IsuqiFMhST5bX19pQ9ikHC2GsaKyk/oF+pn3ducp4=
golang.org/x/tools v0.29.0 h1:Xx0h3TtM9rzQpQuR4dKLrdglAmCEN5Oi+P74JdhdzXE=
golang.org/x/tools v0.29.0/go.mod h1:KMQVMRsVxU6nHCFXrBPhDB8XncLNLM0lIy/F14RP588=
golang.org/x/xerrors v0.0.0-20200804184101-5ec99f83aff1 h1:go1bK/D/BFZV2I8cIQd1NKEZ+0owSTG1fDTci4IqFcE=
golang.org/x/xerrors v0.0.0-20200804184101-5ec99f83aff1/go.mod h1:I/5z698sn9Ka8TeJc9MKroUUfqBBauWjQqLJ2OPfmY0=
spheric.cloud/xiter v0.0.0-20240904151420-c999f37a46b2 h1:/2/LZep2TpsdSwYhdMsGRh+OVun1UMYlMEip4EEsgg8=
spheric.cloud/xiter v0.0.0-20240904151420-c999f37a46b2/go.mod h1:i4SlkNfFrn1974zbGZWg8FYXAWLnrS6cYAXtSfmIDhU=
